{
  "lockfileVersion": 1,
  "configVersion": 1,
  "workspaces": {
    "": {
      "name": "bun-vue-vapor",
      "devDependencies": {
        "@types/bun": "1.3.6",
        "oxc-transform": "^0.110.0",
        "typescript": "^5.9.3",
        "vite": "^7.3.1",
        "vue": "^3.6.0-beta.4",
        "vue-jsx-vapor": "^3.1.15",
      },
    },
  },
  "packages": {
    "@babel/helper-string-parser": ["@babel/helper-string-parser@7.27.1", "", {}, "sha512-qMlSxKbpRlAridDExk92nSobyDdpPijUq2DW6oDnUqd0iOGxmQjyqhMIihI9+zv4LPyZdRje2cavWPbCbWm3eA=="],

    "@babel/helper-validator-identifier": ["@babel/helper-validator-identifier@7.28.5", "", {}, "sha512-qSs4ifwzKJSV39ucNjsvc6WVHs6b7S03sOh2OcHF9UHfVPqWWALUsNUVzhSBiItjRZoLHx7nIarVjqKVusUZ1Q=="],

    "@babel/parser": ["@babel/parser@7.28.6", "", { "dependencies": { "@babel/types": "^7.28.6" }, "bin": "./bin/babel-parser.js" }, "sha512-TeR9zWR18BvbfPmGbLampPMW+uW1NZnJlRuuHso8i87QZNq2JRF9i6RgxRqtEq+wQGsS19NNTWr2duhnE49mfQ=="],

    "@babel/types": ["@babel/types@7.28.6", "", { "dependencies": { "@babel/helper-string-parser": "^7.27.1", "@babel/helper-validator-identifier": "^7.28.5" } }, "sha512-0ZrskXVEHSWIqZM/sQZ4EV3jZJXRkio/WCxaqKZP1g//CEWEPSfeZFcms4XeKBCHU0ZKnIkdJeU/kF+eRp5lBg=="],

    "@emnapi/core": ["@emnapi/core@1.8.1", "", { "dependencies": { "@emnapi/wasi-threads": "1.1.0", "tslib": "^2.4.0" } }, "sha512-AvT9QFpxK0Zd8J0jopedNm+w/2fIzvtPKPjqyw9jwvBaReTTqPBk9Hixaz7KbjimP+QNz605/XnjFcDAL2pqBg=="],

    "@emnapi/runtime": ["@emnapi/runtime@1.8.1", "", { "dependencies": { "tslib": "^2.4.0" } }, "sha512-mehfKSMWjjNol8659Z8KxEMrdSJDDot5SXMq00dM8BN4o+CLNXQ0xH2V7EchNHV4RmbZLmmPdEaXZc5H2FXmDg=="],

    "@emnapi/wasi-threads": ["@emnapi/wasi-threads@1.1.0", "", { "dependencies": { "tslib": "^2.4.0" } }, "sha512-WI0DdZ8xFSbgMjR1sFsKABJ/C5OnRrjT06JXbZKexJGrDuPTzZdDYfFlsgcCXCyf+suG5QU2e/y1Wo2V/OapLQ=="],

    "@esbuild/aix-ppc64": ["@esbuild/aix-ppc64@0.27.2", "", { "os": "aix", "cpu": "ppc64" }, "sha512-GZMB+a0mOMZs4MpDbj8RJp4cw+w1WV5NYD6xzgvzUJ5Ek2jerwfO2eADyI6ExDSUED+1X8aMbegahsJi+8mgpw=="],

    "@esbuild/android-arm": ["@esbuild/android-arm@0.27.2", "", { "os": "android", "cpu": "arm" }, "sha512-DVNI8jlPa7Ujbr1yjU2PfUSRtAUZPG9I1RwW4F4xFB1Imiu2on0ADiI/c3td+KmDtVKNbi+nffGDQMfcIMkwIA=="],

    "@esbuild/android-arm64": ["@esbuild/android-arm64@0.27.2", "", { "os": "android", "cpu": "arm64" }, "sha512-pvz8ZZ7ot/RBphf8fv60ljmaoydPU12VuXHImtAs0XhLLw+EXBi2BLe3OYSBslR4rryHvweW5gmkKFwTiFy6KA=="],

    "@esbuild/android-x64": ["@esbuild/android-x64@0.27.2", "", { "os": "android", "cpu": "x64" }, "sha512-z8Ank4Byh4TJJOh4wpz8g2vDy75zFL0TlZlkUkEwYXuPSgX8yzep596n6mT7905kA9uHZsf/o2OJZubl2l3M7A=="],

    "@esbuild/darwin-arm64": ["@esbuild/darwin-arm64@0.27.2", "", { "os": "darwin", "cpu": "arm64" }, "sha512-davCD2Zc80nzDVRwXTcQP/28fiJbcOwvdolL0sOiOsbwBa72kegmVU0Wrh1MYrbuCL98Omp5dVhQFWRKR2ZAlg=="],

    "@esbuild/darwin-x64": ["@esbuild/darwin-x64@0.27.2", "", { "os": "darwin", "cpu": "x64" }, "sha512-ZxtijOmlQCBWGwbVmwOF/UCzuGIbUkqB1faQRf5akQmxRJ1ujusWsb3CVfk/9iZKr2L5SMU5wPBi1UWbvL+VQA=="],

    "@esbuild/freebsd-arm64": ["@esbuild/freebsd-arm64@0.27.2", "", { "os": "freebsd", "cpu": "arm64" }, "sha512-lS/9CN+rgqQ9czogxlMcBMGd+l8Q3Nj1MFQwBZJyoEKI50XGxwuzznYdwcav6lpOGv5BqaZXqvBSiB/kJ5op+g=="],

    "@esbuild/freebsd-x64": ["@esbuild/freebsd-x64@0.27.2", "", { "os": "freebsd", "cpu": "x64" }, "sha512-tAfqtNYb4YgPnJlEFu4c212HYjQWSO/w/h/lQaBK7RbwGIkBOuNKQI9tqWzx7Wtp7bTPaGC6MJvWI608P3wXYA=="],

    "@esbuild/linux-arm": ["@esbuild/linux-arm@0.27.2", "", { "os": "linux", "cpu": "arm" }, "sha512-vWfq4GaIMP9AIe4yj1ZUW18RDhx6EPQKjwe7n8BbIecFtCQG4CfHGaHuh7fdfq+y3LIA2vGS/o9ZBGVxIDi9hw=="],

    "@esbuild/linux-arm64": ["@esbuild/linux-arm64@0.27.2", "", { "os": "linux", "cpu": "arm64" }, "sha512-hYxN8pr66NsCCiRFkHUAsxylNOcAQaxSSkHMMjcpx0si13t1LHFphxJZUiGwojB1a/Hd5OiPIqDdXONia6bhTw=="],

    "@esbuild/linux-ia32": ["@esbuild/linux-ia32@0.27.2", "", { "os": "linux", "cpu": "ia32" }, "sha512-MJt5BRRSScPDwG2hLelYhAAKh9imjHK5+NE/tvnRLbIqUWa+0E9N4WNMjmp/kXXPHZGqPLxggwVhz7QP8CTR8w=="],

    "@esbuild/linux-loong64": ["@esbuild/linux-loong64@0.27.2", "", { "os": "linux", "cpu": "none" }, "sha512-lugyF1atnAT463aO6KPshVCJK5NgRnU4yb3FUumyVz+cGvZbontBgzeGFO1nF+dPueHD367a2ZXe1NtUkAjOtg=="],

    "@esbuild/linux-mips64el": ["@esbuild/linux-mips64el@0.27.2", "", { "os": "linux", "cpu": "none" }, "sha512-nlP2I6ArEBewvJ2gjrrkESEZkB5mIoaTswuqNFRv/WYd+ATtUpe9Y09RnJvgvdag7he0OWgEZWhviS1OTOKixw=="],

    "@esbuild/linux-ppc64": ["@esbuild/linux-ppc64@0.27.2", "", { "os": "linux", "cpu": "ppc64" }, "sha512-C92gnpey7tUQONqg1n6dKVbx3vphKtTHJaNG2Ok9lGwbZil6DrfyecMsp9CrmXGQJmZ7iiVXvvZH6Ml5hL6XdQ=="],

    "@esbuild/linux-riscv64": ["@esbuild/linux-riscv64@0.27.2", "", { "os": "linux", "cpu": "none" }, "sha512-B5BOmojNtUyN8AXlK0QJyvjEZkWwy/FKvakkTDCziX95AowLZKR6aCDhG7LeF7uMCXEJqwa8Bejz5LTPYm8AvA=="],

    "@esbuild/linux-s390x": ["@esbuild/linux-s390x@0.27.2", "", { "os": "linux", "cpu": "s390x" }, "sha512-p4bm9+wsPwup5Z8f4EpfN63qNagQ47Ua2znaqGH6bqLlmJ4bx97Y9JdqxgGZ6Y8xVTixUnEkoKSHcpRlDnNr5w=="],

    "@esbuild/linux-x64": ["@esbuild/linux-x64@0.27.2", "", { "os": "linux", "cpu": "x64" }, "sha512-uwp2Tip5aPmH+NRUwTcfLb+W32WXjpFejTIOWZFw/v7/KnpCDKG66u4DLcurQpiYTiYwQ9B7KOeMJvLCu/OvbA=="],

    "@esbuild/netbsd-arm64": ["@esbuild/netbsd-arm64@0.27.2", "", { "os": "none", "cpu": "arm64" }, "sha512-Kj6DiBlwXrPsCRDeRvGAUb/LNrBASrfqAIok+xB0LxK8CHqxZ037viF13ugfsIpePH93mX7xfJp97cyDuTZ3cw=="],

    "@esbuild/netbsd-x64": ["@esbuild/netbsd-x64@0.27.2", "", { "os": "none", "cpu": "x64" }, "sha512-HwGDZ0VLVBY3Y+Nw0JexZy9o/nUAWq9MlV7cahpaXKW6TOzfVno3y3/M8Ga8u8Yr7GldLOov27xiCnqRZf0tCA=="],

    "@esbuild/openbsd-arm64": ["@esbuild/openbsd-arm64@0.27.2", "", { "os": "openbsd", "cpu": "arm64" }, "sha512-DNIHH2BPQ5551A7oSHD0CKbwIA/Ox7+78/AWkbS5QoRzaqlev2uFayfSxq68EkonB+IKjiuxBFoV8ESJy8bOHA=="],

    "@esbuild/openbsd-x64": ["@esbuild/openbsd-x64@0.27.2", "", { "os": "openbsd", "cpu": "x64" }, "sha512-/it7w9Nb7+0KFIzjalNJVR5bOzA9Vay+yIPLVHfIQYG/j+j9VTH84aNB8ExGKPU4AzfaEvN9/V4HV+F+vo8OEg=="],

    "@esbuild/openharmony-arm64": ["@esbuild/openharmony-arm64@0.27.2", "", { "os": "none", "cpu": "arm64" }, "sha512-LRBbCmiU51IXfeXk59csuX/aSaToeG7w48nMwA6049Y4J4+VbWALAuXcs+qcD04rHDuSCSRKdmY63sruDS5qag=="],

    "@esbuild/sunos-x64": ["@esbuild/sunos-x64@0.27.2", "", { "os": "sunos", "cpu": "x64" }, "sha512-kMtx1yqJHTmqaqHPAzKCAkDaKsffmXkPHThSfRwZGyuqyIeBvf08KSsYXl+abf5HDAPMJIPnbBfXvP2ZC2TfHg=="],

    "@esbuild/win32-arm64": ["@esbuild/win32-arm64@0.27.2", "", { "os": "win32", "cpu": "arm64" }, "sha512-Yaf78O/B3Kkh+nKABUF++bvJv5Ijoy9AN1ww904rOXZFLWVc5OLOfL56W+C8F9xn5JQZa3UX6m+IktJnIb1Jjg=="],

    "@esbuild/win32-ia32": ["@esbuild/win32-ia32@0.27.2", "", { "os": "win32", "cpu": "ia32" }, "sha512-Iuws0kxo4yusk7sw70Xa2E2imZU5HoixzxfGCdxwBdhiDgt9vX9VUCBhqcwY7/uh//78A1hMkkROMJq9l27oLQ=="],

    "@esbuild/win32-x64": ["@esbuild/win32-x64@0.27.2", "", { "os": "win32", "cpu": "x64" }, "sha512-sRdU18mcKf7F+YgheI/zGf5alZatMUTKj/jNS6l744f9u3WFu4v7twcUI9vu4mknF4Y9aDlblIie0IM+5xxaqQ=="],

    "@jridgewell/gen-mapping": ["@jridgewell/gen-mapping@0.3.13", "", { "dependencies": { "@jridgewell/sourcemap-codec": "^1.5.0", "@jridgewell/trace-mapping": "^0.3.24" } }, "sha512-2kkt/7niJ6MgEPxF0bYdQ6etZaA+fQvDcLKckhy1yIQOzaoKjBBjSj63/aLVjYE3qhRt5dvM+uUyfCg6UKCBbA=="],

    "@jridgewell/remapping": ["@jridgewell/remapping@2.3.5", "", { "dependencies": { "@jridgewell/gen-mapping": "^0.3.5", "@jridgewell/trace-mapping": "^0.3.24" } }, "sha512-LI9u/+laYG4Ds1TDKSJW2YPrIlcVYOwi2fUC6xB43lueCjgxV4lffOCZCtYFiH6TNOX+tQKXx97T4IKHbhyHEQ=="],

    "@jridgewell/resolve-uri": ["@jridgewell/resolve-uri@3.1.2", "", {}, "sha512-bRISgCIjP20/tbWSPWMEi54QVPRZExkuD9lJL+UIxUKtwVJA8wW1Trb1jMs1RFXo1CBTNZ/5hpC9QvmKWdopKw=="],

    "@jridgewell/sourcemap-codec": ["@jridgewell/sourcemap-codec@1.5.5", "", {}, "sha512-cYQ9310grqxueWbl+WuIUIaiUaDcj7WOq5fVhEljNVgRfOUhY9fy2zTvfoqWsnebh8Sl70VScFbICvJnLKB0Og=="],

    "@jridgewell/trace-mapping": ["@jridgewell/trace-mapping@0.3.31", "", { "dependencies": { "@jridgewell/resolve-uri": "^3.1.0", "@jridgewell/sourcemap-codec": "^1.4.14" } }, "sha512-zzNR+SdQSDJzc8joaeP8QQoCQr8NuYx2dIIytl1QeBEZHJ9uW6hebsrYgbz8hJwUQao3TWCMtmfV8Nu1twOLAw=="],

    "@napi-rs/wasm-runtime": ["@napi-rs/wasm-runtime@1.1.1", "", { "dependencies": { "@emnapi/core": "^1.7.1", "@emnapi/runtime": "^1.7.1", "@tybys/wasm-util": "^0.10.1" } }, "sha512-p64ah1M1ld8xjWv3qbvFwHiFVWrq1yFvV4f7w+mzaqiR4IlSgkqhcRdHwsGgomwzBH51sRY4NEowLxnaBjcW/A=="],

    "@oxc-transform/binding-android-arm-eabi": ["@oxc-transform/binding-android-arm-eabi@0.110.0", "", { "os": "android", "cpu": "arm" }, "sha512-sE9dxvqqAax1YYJ3t7j+h5ZSI9jl6dYuDfngl6ieZUrIy5P89/8JKVgAzgp8o3wQSo7ndpJvYsi1K4ZqrmbP7w=="],

    "@oxc-transform/binding-android-arm64": ["@oxc-transform/binding-android-arm64@0.110.0", "", { "os": "android", "cpu": "arm64" }, "sha512-nqtbP4aMCtsCZ6qpHlHaQoWVHSBtlKzwaAgwEOvR+9DWqHjk31BHvpGiDXlMeed6CVNpl3lCbWgygb3RcSjcfw=="],

    "@oxc-transform/binding-darwin-arm64": ["@oxc-transform/binding-darwin-arm64@0.110.0", "", { "os": "darwin", "cpu": "arm64" }, "sha512-oeSeHnL4Z4cMXtc8V0/rwoVn0dgwlS9q0j6LcHn9dIhtFEdp3W0iSBF8YmMQA+E7sILeLDjsHmHE4Kp0sOScXw=="],

    "@oxc-transform/binding-darwin-x64": ["@oxc-transform/binding-darwin-x64@0.110.0", "", { "os": "darwin", "cpu": "x64" }, "sha512-nL9K5x7OuZydobAGPylsEW9d4APs2qEkIBLMgQPA+kY8dtVD3IR87QsTbs4l4DBQYyun/+ay6qVCDlxqxdX2Jg=="],

    "@oxc-transform/binding-freebsd-x64": ["@oxc-transform/binding-freebsd-x64@0.110.0", "", { "os": "freebsd", "cpu": "x64" }, "sha512-GS29zXXirDQhZEUq8xKJ1azAWMuUy3Ih3W5Bc5ddk12LRthO5wRLFcKIyeHpAXCoXymQ+LmxbMtbPf84GPxouw=="],

    "@oxc-transform/binding-linux-arm-gnueabihf": ["@oxc-transform/binding-linux-arm-gnueabihf@0.110.0", "", { "os": "linux", "cpu": "arm" }, "sha512-glzDHak8ISyZJemCUi7RCvzNSl+MQ1ly9RceT2qRufhUsvNZ4C/2QLJ1HJwd2N6E88bO4laYn+RofdRzNnGGEA=="],

    "@oxc-transform/binding-linux-arm-musleabihf": ["@oxc-transform/binding-linux-arm-musleabihf@0.110.0", "", { "os": "linux", "cpu": "arm" }, "sha512-8JThvgJ2FRoTVfbp7e4wqeZqCZbtudM06SfZmNzND9kPNu/LVYygIR+72RWs+xm4bWkuYHg/islo/boNPtMT5Q=="],

    "@oxc-transform/binding-linux-arm64-gnu": ["@oxc-transform/binding-linux-arm64-gnu@0.110.0", "", { "os": "linux", "cpu": "arm64" }, "sha512-IRh21Ub/g4bkHoErZ0AUWMlWfoZaS0A6EaOVtbcY70RSYIMlrsbjiFwJCzM+b/1DD1rXbH5tsGcH7GweTbfRqg=="],

    "@oxc-transform/binding-linux-arm64-musl": ["@oxc-transform/binding-linux-arm64-musl@0.110.0", "", { "os": "linux", "cpu": "arm64" }, "sha512-e5JN94/oy+wevk76q+LMr+2klTTcO60uXa+Wkq558Ms7mdF2TvkKFI++d/JeiuIwJLTi/BxQ4qdT5FWcsHM/ug=="],

    "@oxc-transform/binding-linux-ppc64-gnu": ["@oxc-transform/binding-linux-ppc64-gnu@0.110.0", "", { "os": "linux", "cpu": "ppc64" }, "sha512-Y3/Tnnz1GvDpmv8FXBIKtdZPsdZklOEPdrL6NHrN5i2u54BOkybFaDSptgWF53wOrJlTrcmAVSE6fRKK9XCM2Q=="],

    "@oxc-transform/binding-linux-riscv64-gnu": ["@oxc-transform/binding-linux-riscv64-gnu@0.110.0", "", { "os": "linux", "cpu": "none" }, "sha512-Y0E35iA9/v9jlkNcP6tMJ+ZFOS0rLsWDqG6rU9z+X2R3fBFJBO9UARIK6ngx8upxk81y1TFR2CmBFhupfYdH6Q=="],

    "@oxc-transform/binding-linux-riscv64-musl": ["@oxc-transform/binding-linux-riscv64-musl@0.110.0", "", { "os": "linux", "cpu": "none" }, "sha512-JOUSYFfHjBUs7xp2FHmZHb8eTYD/oEu0NklS6JgUauqnoXZHiTLPLVW2o2uVCqldnabYHcomuwI2iqVFYJNhTw=="],

    "@oxc-transform/binding-linux-s390x-gnu": ["@oxc-transform/binding-linux-s390x-gnu@0.110.0", "", { "os": "linux", "cpu": "s390x" }, "sha512-7blgoXF9D3Ngzb7eun23pNrHJpoV/TtE6LObwlZ3Nmb4oZ6Z+yMvBVaoW68NarbmvNGfZ95zrOjgm6cVETLYBA=="],

    "@oxc-transform/binding-linux-x64-gnu": ["@oxc-transform/binding-linux-x64-gnu@0.110.0", "", { "os": "linux", "cpu": "x64" }, "sha512-YQ2joGWCVDZVEU2cD/r/w49hVjDm/Qu1BvC/7zs8LvprzdLS/HyMXGF2oA0puw0b+AqgYaz3bhwKB2xexHyITQ=="],

    "@oxc-transform/binding-linux-x64-musl": ["@oxc-transform/binding-linux-x64-musl@0.110.0", "", { "os": "linux", "cpu": "x64" }, "sha512-fkjr5qE632ULmNgvFXWDR/8668WxERz3tU7TQFp6JebPBneColitjSkdx6VKNVXEoMmQnOvBIGeP5tUNT384oA=="],

    "@oxc-transform/binding-openharmony-arm64": ["@oxc-transform/binding-openharmony-arm64@0.110.0", "", { "os": "none", "cpu": "arm64" }, "sha512-HWH9Zj+lMrdSTqFRCZsvDWMz7OnMjbdGsm3xURXWfRZpuaz0bVvyuZNDQXc4FyyhRDsemICaJbU1bgeIpUJDGw=="],

    "@oxc-transform/binding-wasm32-wasi": ["@oxc-transform/binding-wasm32-wasi@0.110.0", "", { "dependencies": { "@napi-rs/wasm-runtime": "^1.1.1" }, "cpu": "none" }, "sha512-ejdxHmYfIcHDPhZUe3WklViLt9mDEJE5BzcW7+R1vc5i/5JFA8D0l7NUSsHBJ7FB8Bu9gF+5iMDm6cXGAgaghw=="],

    "@oxc-transform/binding-win32-arm64-msvc": ["@oxc-transform/binding-win32-arm64-msvc@0.110.0", "", { "os": "win32", "cpu": "arm64" }, "sha512-9VTwpXCZs7xkV+mKhQ62dVk7KLnLXtEUxNS2T4nLz3iMl1IJbA4h5oltK0JoobtiUAnbkV53QmMVGW8+Nh3bDQ=="],

    "@oxc-transform/binding-win32-ia32-msvc": ["@oxc-transform/binding-win32-ia32-msvc@0.110.0", "", { "os": "win32", "cpu": "ia32" }, "sha512-5y0fzuNON7/F2hh2P94vANFaRPJ/3DI1hVl5rseCT8VUVqOGIjWaza0YS/D1g6t1WwycW2LWDMi2raOKoWU5GQ=="],

    "@oxc-transform/binding-win32-x64-msvc": ["@oxc-transform/binding-win32-x64-msvc@0.110.0", "", { "os": "win32", "cpu": "x64" }, "sha512-QROrowwlrApI1fEScMknGWKM6GTM/Z2xwMnDqvSaEmzNazBsDUlE08Jasw610hFEsYAVU2K5sp/YaCa9ORdP4A=="],

    "@rollup/rollup-android-arm-eabi": ["@rollup/rollup-android-arm-eabi@4.56.0", "", { "os": "android", "cpu": "arm" }, "sha512-LNKIPA5k8PF1+jAFomGe3qN3bbIgJe/IlpDBwuVjrDKrJhVWywgnJvflMt/zkbVNLFtF1+94SljYQS6e99klnw=="],

    "@rollup/rollup-android-arm64": ["@rollup/rollup-android-arm64@4.56.0", "", { "os": "android", "cpu": "arm64" }, "sha512-lfbVUbelYqXlYiU/HApNMJzT1E87UPGvzveGg2h0ktUNlOCxKlWuJ9jtfvs1sKHdwU4fzY7Pl8sAl49/XaEk6Q=="],

    "@rollup/rollup-darwin-arm64": ["@rollup/rollup-darwin-arm64@4.56.0", "", { "os": "darwin", "cpu": "arm64" }, "sha512-EgxD1ocWfhoD6xSOeEEwyE7tDvwTgZc8Bss7wCWe+uc7wO8G34HHCUH+Q6cHqJubxIAnQzAsyUsClt0yFLu06w=="],

    "@rollup/rollup-darwin-x64": ["@rollup/rollup-darwin-x64@4.56.0", "", { "os": "darwin", "cpu": "x64" }, "sha512-1vXe1vcMOssb/hOF8iv52A7feWW2xnu+c8BV4t1F//m9QVLTfNVpEdja5ia762j/UEJe2Z1jAmEqZAK42tVW3g=="],

    "@rollup/rollup-freebsd-arm64": ["@rollup/rollup-freebsd-arm64@4.56.0", "", { "os": "freebsd", "cpu": "arm64" }, "sha512-bof7fbIlvqsyv/DtaXSck4VYQ9lPtoWNFCB/JY4snlFuJREXfZnm+Ej6yaCHfQvofJDXLDMTVxWscVSuQvVWUQ=="],

    "@rollup/rollup-freebsd-x64": ["@rollup/rollup-freebsd-x64@4.56.0", "", { "os": "freebsd", "cpu": "x64" }, "sha512-KNa6lYHloW+7lTEkYGa37fpvPq+NKG/EHKM8+G/g9WDU7ls4sMqbVRV78J6LdNuVaeeK5WB9/9VAFbKxcbXKYg=="],

    "@rollup/rollup-linux-arm-gnueabihf": ["@rollup/rollup-linux-arm-gnueabihf@4.56.0", "", { "os": "linux", "cpu": "arm" }, "sha512-E8jKK87uOvLrrLN28jnAAAChNq5LeCd2mGgZF+fGF5D507WlG/Noct3lP/QzQ6MrqJ5BCKNwI9ipADB6jyiq2A=="],

    "@rollup/rollup-linux-arm-musleabihf": ["@rollup/rollup-linux-arm-musleabihf@4.56.0", "", { "os": "linux", "cpu": "arm" }, "sha512-jQosa5FMYF5Z6prEpTCCmzCXz6eKr/tCBssSmQGEeozA9tkRUty/5Vx06ibaOP9RCrW1Pvb8yp3gvZhHwTDsJw=="],

    "@rollup/rollup-linux-arm64-gnu": ["@rollup/rollup-linux-arm64-gnu@4.56.0", "", { "os": "linux", "cpu": "arm64" }, "sha512-uQVoKkrC1KGEV6udrdVahASIsaF8h7iLG0U0W+Xn14ucFwi6uS539PsAr24IEF9/FoDtzMeeJXJIBo5RkbNWvQ=="],

    "@rollup/rollup-linux-arm64-musl": ["@rollup/rollup-linux-arm64-musl@4.56.0", "", { "os": "linux", "cpu": "arm64" }, "sha512-vLZ1yJKLxhQLFKTs42RwTwa6zkGln+bnXc8ueFGMYmBTLfNu58sl5/eXyxRa2RarTkJbXl8TKPgfS6V5ijNqEA=="],

    "@rollup/rollup-linux-loong64-gnu": ["@rollup/rollup-linux-loong64-gnu@4.56.0", "", { "os": "linux", "cpu": "none" }, "sha512-FWfHOCub564kSE3xJQLLIC/hbKqHSVxy8vY75/YHHzWvbJL7aYJkdgwD/xGfUlL5UV2SB7otapLrcCj2xnF1dg=="],

    "@rollup/rollup-linux-loong64-musl": ["@rollup/rollup-linux-loong64-musl@4.56.0", "", { "os": "linux", "cpu": "none" }, "sha512-z1EkujxIh7nbrKL1lmIpqFTc/sr0u8Uk0zK/qIEFldbt6EDKWFk/pxFq3gYj4Bjn3aa9eEhYRlL3H8ZbPT1xvA=="],

    "@rollup/rollup-linux-ppc64-gnu": ["@rollup/rollup-linux-ppc64-gnu@4.56.0", "", { "os": "linux", "cpu": "ppc64" }, "sha512-iNFTluqgdoQC7AIE8Q34R3AuPrJGJirj5wMUErxj22deOcY7XwZRaqYmB6ZKFHoVGqRcRd0mqO+845jAibKCkw=="],

    "@rollup/rollup-linux-ppc64-musl": ["@rollup/rollup-linux-ppc64-musl@4.56.0", "", { "os": "linux", "cpu": "ppc64" }, "sha512-MtMeFVlD2LIKjp2sE2xM2slq3Zxf9zwVuw0jemsxvh1QOpHSsSzfNOTH9uYW9i1MXFxUSMmLpeVeUzoNOKBaWg=="],

    "@rollup/rollup-linux-riscv64-gnu": ["@rollup/rollup-linux-riscv64-gnu@4.56.0", "", { "os": "linux", "cpu": "none" }, "sha512-in+v6wiHdzzVhYKXIk5U74dEZHdKN9KH0Q4ANHOTvyXPG41bajYRsy7a8TPKbYPl34hU7PP7hMVHRvv/5aCSew=="],

    "@rollup/rollup-linux-riscv64-musl": ["@rollup/rollup-linux-riscv64-musl@4.56.0", "", { "os": "linux", "cpu": "none" }, "sha512-yni2raKHB8m9NQpI9fPVwN754mn6dHQSbDTwxdr9SE0ks38DTjLMMBjrwvB5+mXrX+C0npX0CVeCUcvvvD8CNQ=="],

    "@rollup/rollup-linux-s390x-gnu": ["@rollup/rollup-linux-s390x-gnu@4.56.0", "", { "os": "linux", "cpu": "s390x" }, "sha512-zhLLJx9nQPu7wezbxt2ut+CI4YlXi68ndEve16tPc/iwoylWS9B3FxpLS2PkmfYgDQtosah07Mj9E0khc3Y+vQ=="],

    "@rollup/rollup-linux-x64-gnu": ["@rollup/rollup-linux-x64-gnu@4.56.0", "", { "os": "linux", "cpu": "x64" }, "sha512-MVC6UDp16ZSH7x4rtuJPAEoE1RwS8N4oK9DLHy3FTEdFoUTCFVzMfJl/BVJ330C+hx8FfprA5Wqx4FhZXkj2Kw=="],

    "@rollup/rollup-linux-x64-musl": ["@rollup/rollup-linux-x64-musl@4.56.0", "", { "os": "linux", "cpu": "x64" }, "sha512-ZhGH1eA4Qv0lxaV00azCIS1ChedK0V32952Md3FtnxSqZTBTd6tgil4nZT5cU8B+SIw3PFYkvyR4FKo2oyZIHA=="],

    "@rollup/rollup-openbsd-x64": ["@rollup/rollup-openbsd-x64@4.56.0", "", { "os": "openbsd", "cpu": "x64" }, "sha512-O16XcmyDeFI9879pEcmtWvD/2nyxR9mF7Gs44lf1vGGx8Vg2DRNx11aVXBEqOQhWb92WN4z7fW/q4+2NYzCbBA=="],

    "@rollup/rollup-openharmony-arm64": ["@rollup/rollup-openharmony-arm64@4.56.0", "", { "os": "none", "cpu": "arm64" }, "sha512-LhN/Reh+7F3RCgQIRbgw8ZMwUwyqJM+8pXNT6IIJAqm2IdKkzpCh/V9EdgOMBKuebIrzswqy4ATlrDgiOwbRcQ=="],

    "@rollup/rollup-win32-arm64-msvc": ["@rollup/rollup-win32-arm64-msvc@4.56.0", "", { "os": "win32", "cpu": "arm64" }, "sha512-kbFsOObXp3LBULg1d3JIUQMa9Kv4UitDmpS+k0tinPBz3watcUiV2/LUDMMucA6pZO3WGE27P7DsfaN54l9ing=="],

    "@rollup/rollup-win32-ia32-msvc": ["@rollup/rollup-win32-ia32-msvc@4.56.0", "", { "os": "win32", "cpu": "ia32" }, "sha512-vSSgny54D6P4vf2izbtFm/TcWYedw7f8eBrOiGGecyHyQB9q4Kqentjaj8hToe+995nob/Wv48pDqL5a62EWtg=="],

    "@rollup/rollup-win32-x64-gnu": ["@rollup/rollup-win32-x64-gnu@4.56.0", "", { "os": "win32", "cpu": "x64" }, "sha512-FeCnkPCTHQJFbiGG49KjV5YGW/8b9rrXAM2Mz2kiIoktq2qsJxRD5giEMEOD2lPdgs72upzefaUvS+nc8E3UzQ=="],

    "@rollup/rollup-win32-x64-msvc": ["@rollup/rollup-win32-x64-msvc@4.56.0", "", { "os": "win32", "cpu": "x64" }, "sha512-H8AE9Ur/t0+1VXujj90w0HrSOuv0Nq9r1vSZF2t5km20NTfosQsGGUXDaKdQZzwuLts7IyL1fYT4hM95TI9c4g=="],

    "@tybys/wasm-util": ["@tybys/wasm-util@0.10.1", "", { "dependencies": { "tslib": "^2.4.0" } }, "sha512-9tTaPJLSiejZKx+Bmog4uSubteqTvFrVrURwkmHixBo0G4seD0zUxp98E1DzUBJxLQ3NPwXrGKDiVjwx/DpPsg=="],

    "@types/bun": ["@types/bun@1.3.6", "", { "dependencies": { "bun-types": "1.3.6" } }, "sha512-uWCv6FO/8LcpREhenN1d1b6fcspAB+cefwD7uti8C8VffIv0Um08TKMn98FynpTiU38+y2dUO55T11NgDt8VAA=="],

    "@types/estree": ["@types/estree@1.0.8", "", {}, "sha512-dWHzHa2WqEXI/O1E9OjrocMTKJl2mSrEolh1Iomrv6U+JuNwaHXsXx9bLu5gG7BUWFIN0skIQJQ/L1rIex4X6w=="],

    "@types/node": ["@types/node@25.0.10", "", { "dependencies": { "undici-types": "~7.16.0" } }, "sha512-zWW5KPngR/yvakJgGOmZ5vTBemDoSqF3AcV/LrO5u5wTWyEAVVh+IT39G4gtyAkh3CtTZs8aX/yRM82OfzHJRg=="],

    "@vue-jsx-vapor/compiler-rs": ["@vue-jsx-vapor/compiler-rs@3.1.15", "", { "optionalDependencies": { "@vue-jsx-vapor/compiler-rs-android-arm-eabi": "3.1.15", "@vue-jsx-vapor/compiler-rs-android-arm64": "3.1.15", "@vue-jsx-vapor/compiler-rs-darwin-arm64": "3.1.15", "@vue-jsx-vapor/compiler-rs-darwin-x64": "3.1.15", "@vue-jsx-vapor/compiler-rs-freebsd-x64": "3.1.15", "@vue-jsx-vapor/compiler-rs-linux-arm-gnueabihf": "3.1.15", "@vue-jsx-vapor/compiler-rs-linux-arm64-gnu": "3.1.15", "@vue-jsx-vapor/compiler-rs-linux-arm64-musl": "3.1.15", "@vue-jsx-vapor/compiler-rs-linux-x64-gnu": "3.1.15", "@vue-jsx-vapor/compiler-rs-linux-x64-musl": "3.1.15", "@vue-jsx-vapor/compiler-rs-wasm32-wasi": "3.1.15", "@vue-jsx-vapor/compiler-rs-win32-arm64-msvc": "3.1.15", "@vue-jsx-vapor/compiler-rs-win32-ia32-msvc": "3.1.15", "@vue-jsx-vapor/compiler-rs-win32-x64-msvc": "3.1.15" } }, "sha512-+ghR4JYWNKouHxxw86o8M4ORqLI96UrvehQyk0nzpTPKyat+UghACnBzSj9O4y0qxi93sy2F3QOAVn8xovKt9g=="],

    "@vue-jsx-vapor/compiler-rs-android-arm-eabi": ["@vue-jsx-vapor/compiler-rs-android-arm-eabi@3.1.15", "", { "os": "android", "cpu": "arm" }, "sha512-4ycIE0hl/ELjybtX2EGEvrrvRKMQNsvF+1JCg8sJ/xogQo7v+G9p3wqJnpTRQtxMi/7T67dUJ9/h+LAOvBFdLg=="],

    "@vue-jsx-vapor/compiler-rs-android-arm64": ["@vue-jsx-vapor/compiler-rs-android-arm64@3.1.15", "", { "os": "android", "cpu": "arm64" }, "sha512-b6jwL7VZlDvnSwLA5UCpl06Cs3CEAatjxJjpsM8uQ+CQXZqQc6/EBGTbyWd+Ty9wd2qMQL2gZeqFghvQDkkb4A=="],

    "@vue-jsx-vapor/compiler-rs-darwin-arm64": ["@vue-jsx-vapor/compiler-rs-darwin-arm64@3.1.15", "", { "os": "darwin", "cpu": "arm64" }, "sha512-F6XPt8xywOxBPXPJMBP//ljQxQzYZ5YV0oh9VnGWzjsnXzhqBIdiW/++NgSSwGf3FNGEDLkBpWVuyVUrjzSlVQ=="],

    "@vue-jsx-vapor/compiler-rs-darwin-x64": ["@vue-jsx-vapor/compiler-rs-darwin-x64@3.1.15", "", { "os": "darwin", "cpu": "x64" }, "sha512-vWpS2S8me+PIGJvSZVrjwfAq51WA8722wr4xxD9FPOkgfi6SI17Fk/kDhiE/PqBmuq8zrnj+JHDVYM80R83qKg=="],

    "@vue-jsx-vapor/compiler-rs-freebsd-x64": ["@vue-jsx-vapor/compiler-rs-freebsd-x64@3.1.15", "", { "os": "freebsd", "cpu": "x64" }, "sha512-yRIEBCGgyJokAuyZu8y5aeWSf2IysTBKP0YvAvo7gHmW246uINcexq0DGMx/UrrG6Uvq3SeHjxrWWA4e3stNcQ=="],

    "@vue-jsx-vapor/compiler-rs-linux-arm-gnueabihf": ["@vue-jsx-vapor/compiler-rs-linux-arm-gnueabihf@3.1.15", "", { "os": "linux", "cpu": "arm" }, "sha512-o7Pod/+eJ+oLzuDeJOMn0F/VLhGWQRjZCE63a3T2ejMiq0XAPKcDpniDzq1gYLJ/jKkY0hbWXnnpHD43gHx4tw=="],

    "@vue-jsx-vapor/compiler-rs-linux-arm64-gnu": ["@vue-jsx-vapor/compiler-rs-linux-arm64-gnu@3.1.15", "", { "os": "linux", "cpu": "arm64" }, "sha512-y7XcoVEXDifUDBvm4+0aa7nBRoXMkjM/UwKDUpelv95GznWljG98Lk+51+eQ55Ntwn1PAduFVNYf91s7DsbwEw=="],

    "@vue-jsx-vapor/compiler-rs-linux-arm64-musl": ["@vue-jsx-vapor/compiler-rs-linux-arm64-musl@3.1.15", "", { "os": "linux", "cpu": "arm64" }, "sha512-8oHqvtjVTHx5T/TgkxhP4IzLMxVvqkzmzW+IxAO5NQ5G5e19kMcRhL0mmaM5nJlamNRtoHKw9cVdw2xOcqVa4g=="],

    "@vue-jsx-vapor/compiler-rs-linux-x64-gnu": ["@vue-jsx-vapor/compiler-rs-linux-x64-gnu@3.1.15", "", { "os": "linux", "cpu": "x64" }, "sha512-uOu9gGDFZQwU3UJdikDH/fL8s6Iy7Fg64g6Zaa7Tvbi8Wrcs/5sO+usy6LawITT7qZwG9JMC1cMeo9HZwIvKgA=="],

    "@vue-jsx-vapor/compiler-rs-linux-x64-musl": ["@vue-jsx-vapor/compiler-rs-linux-x64-musl@3.1.15", "", { "os": "linux", "cpu": "x64" }, "sha512-LUjVXvRXMgcSHhoDq2fac9YDg3TGd7tTJOWfBXRQSwmlmHHauTua/lzIckya7jnIDllYKVX07N69lOfuq6o5AA=="],

    "@vue-jsx-vapor/compiler-rs-wasm32-wasi": ["@vue-jsx-vapor/compiler-rs-wasm32-wasi@3.1.15", "", { "dependencies": { "@napi-rs/wasm-runtime": "^1.1.1" }, "cpu": "none" }, "sha512-PZvV/wZR/sRgXFcQpIstLBQZN7e0hNwLiIC7UfbOcg6F9UOd2AQ2UL2FRfXzAr94XksY7rlbLT3zbtaV8ALDhA=="],

    "@vue-jsx-vapor/compiler-rs-win32-arm64-msvc": ["@vue-jsx-vapor/compiler-rs-win32-arm64-msvc@3.1.15", "", { "os": "win32", "cpu": "arm64" }, "sha512-FUV2L+QBurWtj/YURLgpeNDr2ALzmXfiwbv30zHU2Ue38uOVdPbiGls87oieKnCEW660fmj/xHh/qXKCFwDlHg=="],

    "@vue-jsx-vapor/compiler-rs-win32-ia32-msvc": ["@vue-jsx-vapor/compiler-rs-win32-ia32-msvc@3.1.15", "", { "os": "win32", "cpu": "ia32" }, "sha512-akMZO9eGe6DtqldnIXP8VSP8G+t2fuHqekgreuGtmZzHfDxlC2htKfEiPv3B8RLOSuIftxdgUCMSvrqlTpHS8w=="],

    "@vue-jsx-vapor/compiler-rs-win32-x64-msvc": ["@vue-jsx-vapor/compiler-rs-win32-x64-msvc@3.1.15", "", { "os": "win32", "cpu": "x64" }, "sha512-2RKDOXrMEX2v8WU9lTeR1xmZTOf5f7ThU3F+dwZjcuLRRJCjoNpTRPZu0OICpHgLcEX2vHAAjdOeokOQFBzH4A=="],

    "@vue-jsx-vapor/macros": ["@vue-jsx-vapor/macros@3.1.15", "", { "dependencies": { "hash-sum": "^2.0.0", "magic-string": "^0.30.21", "ts-macro": "^0.3.7", "unplugin": "^3.0.0", "unplugin-utils": "^0.3.1" }, "peerDependencies": { "@nuxt/kit": "^3", "@nuxt/schema": "^3", "esbuild": "*", "rollup": "^3", "vite": ">=3", "vue": ">=3", "webpack": "^4 || ^5" }, "optionalPeers": ["@nuxt/kit", "@nuxt/schema", "esbuild", "rollup", "vite", "webpack"] }, "sha512-nh70mYbrQ5Y5b0EKneYrzvCzgTXPrVZJKR+d1j7QjTLMWmiEFvqZEURzNrPoMtOCgyjUVmlfOvCmBjHlYpuMhA=="],

    "@vue-jsx-vapor/runtime": ["@vue-jsx-vapor/runtime@3.1.15", "", { "peerDependencies": { "csstype": "^3.2.3", "vue": "^3.6.0-alpha.2" } }, "sha512-6fjg8o+KRBcap/uTrDKUJds/l/mmNQrX46XYzxJIOZKBy+iyv7Ya/ucQJv5Xd5+QaoZzOjEmWeaFAAYt3MEqew=="],

    "@vue/compiler-core": ["@vue/compiler-core@3.6.0-beta.4", "", { "dependencies": { "@babel/parser": "^7.28.5", "@vue/shared": "3.6.0-beta.4", "entities": "^7.0.0", "estree-walker": "^2.0.2", "source-map-js": "^1.2.1" } }, "sha512-gqT9QX+1XKkEJvLOuK4AX9zca1Dz6NkXFCHHHeu2BJ893IBuT8IJ1a1IienlqateNyvx8AWJNs+QKVFG2LOSgg=="],

    "@vue/compiler-dom": ["@vue/compiler-dom@3.6.0-beta.4", "", { "dependencies": { "@vue/compiler-core": "3.6.0-beta.4", "@vue/shared": "3.6.0-beta.4" } }, "sha512-Pv7v9DrpsQ9e0zlz3Bo8izSf5RLSOJbu8I2F4IwG/gv+m848CWTJqYOFXzwV07Z3c5KPzCBpqBfXWdDQg7Ld5g=="],

    "@vue/compiler-sfc": ["@vue/compiler-sfc@3.6.0-beta.4", "", { "dependencies": { "@babel/parser": "^7.28.5", "@vue/compiler-core": "3.6.0-beta.4", "@vue/compiler-dom": "3.6.0-beta.4", "@vue/compiler-ssr": "3.6.0-beta.4", "@vue/compiler-vapor": "3.6.0-beta.4", "@vue/shared": "3.6.0-beta.4", "estree-walker": "^2.0.2", "magic-string": "^0.30.21", "postcss": "^8.5.6", "source-map-js": "^1.2.1" } }, "sha512-+bm9znhYKteLya3hmZ8/9VjisAv+CjXLdGxepK7a9vUfIrUI4vm2WH+UTi6VKXCWDn4v7eS/6OSum1mxwvmwrw=="],

    "@vue/compiler-ssr": ["@vue/compiler-ssr@3.6.0-beta.4", "", { "dependencies": { "@vue/compiler-dom": "3.6.0-beta.4", "@vue/shared": "3.6.0-beta.4" } }, "sha512-vnT9ZzAPC4635qJcVUpiOHGM7PEC8YNH6kt9eqhtA+iH6g16urMQg5N/gw1D6cUReLq+80P89ilvS9YBBNnVjQ=="],

    "@vue/compiler-vapor": ["@vue/compiler-vapor@3.6.0-beta.4", "", { "dependencies": { "@babel/parser": "^7.28.5", "@vue/compiler-dom": "3.6.0-beta.4", "@vue/shared": "3.6.0-beta.4", "estree-walker": "^2.0.2", "source-map-js": "^1.2.1" } }, "sha512-4b4J8k/yug44sGn9WmVYL+xLJ8ewmfwpvWMp+H7n0g+LFN/Ld99jiidXlOkKAa6z/hea4C4yd7OfXUaItK0BfA=="],

    "@vue/reactivity": ["@vue/reactivity@3.6.0-beta.4", "", { "dependencies": { "@vue/shared": "3.6.0-beta.4" } }, "sha512-0eTsb58+4RLCudM9x/itl7j3dqLuaUBeoCDQmnhjsIZju6iw9f4OvNpyq0yI2QjvluhJhYFfAAzC+40AdihKmg=="],

    "@vue/runtime-core": ["@vue/runtime-core@3.6.0-beta.4", "", { "dependencies": { "@vue/reactivity": "3.6.0-beta.4", "@vue/shared": "3.6.0-beta.4" } }, "sha512-oM6f0Rk/Ge3DpiqVvL/OTLrfV+6GxP9EmvBawB3e88I6iChNoxbQPIWbpLtfgzXPscMsjcUUtGwGjlG60D7Ehg=="],

    "@vue/runtime-dom": ["@vue/runtime-dom@3.6.0-beta.4", "", { "dependencies": { "@vue/reactivity": "3.6.0-beta.4", "@vue/runtime-core": "3.6.0-beta.4", "@vue/shared": "3.6.0-beta.4", "csstype": "^3.2.3" } }, "sha512-MrXXgTNobi+hlwS33R4LVTI+dpgO8m0ukuRUR/TutNZ4awVk9sg13n+4YsOcTrLm9XWpwzM0rq0FF3FWmQDBBQ=="],

    "@vue/runtime-vapor": ["@vue/runtime-vapor@3.6.0-beta.4", "", { "dependencies": { "@vue/reactivity": "3.6.0-beta.4", "@vue/shared": "3.6.0-beta.4" }, "peerDependencies": { "@vue/runtime-dom": "3.6.0-beta.4" } }, "sha512-+TLEtvekFyT21CTwYmgvoZ4vuz9T/cSNq/N1Wsb76jzQIK+Flnc8UK6S5iM92i5m3Yl69QcayEuXWuofOlvvkQ=="],

    "@vue/server-renderer": ["@vue/server-renderer@3.6.0-beta.4", "", { "dependencies": { "@vue/compiler-ssr": "3.6.0-beta.4", "@vue/shared": "3.6.0-beta.4" }, "peerDependencies": { "vue": "3.6.0-beta.4" } }, "sha512-85OP5lJb2MMYFS9ZVo1sWPTok5cclJHoMz80krMZ93D5wqY3b3/qIpvDLlCRwUg/t63ZNMvB0ZgHVqcqvGy2Zw=="],

    "@vue/shared": ["@vue/shared@3.6.0-beta.4", "", {}, "sha512-irHZOwXYT40ZgEZTcA2AceX4mIB3/iRmjXhADsEeFeIwXATawQWB6X+TPf2177PVFGMAFkH0QttrNDb96LZKzg=="],

    "bun-types": ["bun-types@1.3.6", "", { "dependencies": { "@types/node": "*" } }, "sha512-OlFwHcnNV99r//9v5IIOgQ9Uk37gZqrNMCcqEaExdkVq3Avwqok1bJFmvGMCkCE0FqzdY8VMOZpfpR3lwI+CsQ=="],

    "csstype": ["csstype@3.2.3", "", {}, "sha512-z1HGKcYy2xA8AGQfwrn0PAy+PB7X/GSj3UVJW9qKyn43xWa+gl5nXmU4qqLMRzWVLFC8KusUX8T/0kCiOYpAIQ=="],

    "entities": ["entities@7.0.1", "", {}, "sha512-TWrgLOFUQTH994YUyl1yT4uyavY5nNB5muff+RtWaqNVCAK408b5ZnnbNAUEWLTCpum9w6arT70i1XdQ4UeOPA=="],

    "esbuild": ["esbuild@0.27.2", "", { "optionalDependencies": { "@esbuild/aix-ppc64": "0.27.2", "@esbuild/android-arm": "0.27.2", "@esbuild/android-arm64": "0.27.2", "@esbuild/android-x64": "0.27.2", "@esbuild/darwin-arm64": "0.27.2", "@esbuild/darwin-x64": "0.27.2", "@esbuild/freebsd-arm64": "0.27.2", "@esbuild/freebsd-x64": "0.27.2", "@esbuild/linux-arm": "0.27.2", "@esbuild/linux-arm64": "0.27.2", "@esbuild/linux-ia32": "0.27.2", "@esbuild/linux-loong64": "0.27.2", "@esbuild/linux-mips64el": "0.27.2", "@esbuild/linux-ppc64": "0.27.2", "@esbuild/linux-riscv64": "0.27.2", "@esbuild/linux-s390x": "0.27.2", "@esbuild/linux-x64": "0.27.2", "@esbuild/netbsd-arm64": "0.27.2", "@esbuild/netbsd-x64": "0.27.2", "@esbuild/openbsd-arm64": "0.27.2", "@esbuild/openbsd-x64": "0.27.2", "@esbuild/openharmony-arm64": "0.27.2", "@esbuild/sunos-x64": "0.27.2", "@esbuild/win32-arm64": "0.27.2", "@esbuild/win32-ia32": "0.27.2", "@esbuild/win32-x64": "0.27.2" }, "bin": { "esbuild": "bin/esbuild" } }, "sha512-HyNQImnsOC7X9PMNaCIeAm4ISCQXs5a5YasTXVliKv4uuBo1dKrG0A+uQS8M5eXjVMnLg3WgXaKvprHlFJQffw=="],

    "estree-walker": ["estree-walker@2.0.2", "", {}, "sha512-Rfkk/Mp/DL7JVje3u18FxFujQlTNR2q6QfMSMB7AvCBx91NGj/ba3kCfza0f6dVDbw7YlRf/nDrn7pQrCCyQ/w=="],

    "fdir": ["fdir@6.5.0", "", { "peerDependencies": { "picomatch": "^3 || ^4" }, "optionalPeers": ["picomatch"] }, "sha512-tIbYtZbucOs0BRGqPJkshJUYdL+SDH7dVM8gjy+ERp3WAUjLEFJE+02kanyHtwjWOnwrKYBiwAmM0p4kLJAnXg=="],

    "fsevents": ["fsevents@2.3.3", "", { "os": "darwin" }, "sha512-5xoDfX+fL7faATnagmWPpbFtwh/R77WmMMqqHGS65C3vvB0YHrgF+B1YmZ3441tMj5n63k0212XNoJwzlhffQw=="],

    "hash-sum": ["hash-sum@2.0.0", "", {}, "sha512-WdZTbAByD+pHfl/g9QSsBIIwy8IT+EsPiKDs0KNX+zSHhdDLFKdZu0BQHljvO+0QI/BasbMSUa8wYNCZTvhslg=="],

    "jiti": ["jiti@2.6.1", "", { "bin": { "jiti": "lib/jiti-cli.mjs" } }, "sha512-ekilCSN1jwRvIbgeg/57YFh8qQDNbwDb9xT/qu2DAHbFFZUicIl4ygVaAvzveMhMVr3LnpSKTNnwt8PoOfmKhQ=="],

    "magic-string": ["magic-string@0.30.21", "", { "dependencies": { "@jridgewell/sourcemap-codec": "^1.5.5" } }, "sha512-vd2F4YUyEXKGcLHoq+TEyCjxueSeHnFxyyjNp80yg0XV4vUhnDer/lvvlqM/arB5bXQN5K2/3oinyCRyx8T2CQ=="],

    "muggle-string": ["muggle-string@0.4.1", "", {}, "sha512-VNTrAak/KhO2i8dqqnqnAHOa3cYBwXEZe9h+D5h/1ZqFSTEFHdM65lR7RoIqq3tBBYavsOXV84NoHXZ0AkPyqQ=="],

    "nanoid": ["nanoid@3.3.11", "", { "bin": { "nanoid": "bin/nanoid.cjs" } }, "sha512-N8SpfPUnUp1bK+PMYW8qSWdl9U+wwNWI4QKxOYDy9JAro3WMX7p2OeVRF9v+347pnakNevPmiHhNmZ2HbFA76w=="],

    "oxc-transform": ["oxc-transform@0.110.0", "", { "optionalDependencies": { "@oxc-transform/binding-android-arm-eabi": "0.110.0", "@oxc-transform/binding-android-arm64": "0.110.0", "@oxc-transform/binding-darwin-arm64": "0.110.0", "@oxc-transform/binding-darwin-x64": "0.110.0", "@oxc-transform/binding-freebsd-x64": "0.110.0", "@oxc-transform/binding-linux-arm-gnueabihf": "0.110.0", "@oxc-transform/binding-linux-arm-musleabihf": "0.110.0", "@oxc-transform/binding-linux-arm64-gnu": "0.110.0", "@oxc-transform/binding-linux-arm64-musl": "0.110.0", "@oxc-transform/binding-linux-ppc64-gnu": "0.110.0", "@oxc-transform/binding-linux-riscv64-gnu": "0.110.0", "@oxc-transform/binding-linux-riscv64-musl": "0.110.0", "@oxc-transform/binding-linux-s390x-gnu": "0.110.0", "@oxc-transform/binding-linux-x64-gnu": "0.110.0", "@oxc-transform/binding-linux-x64-musl": "0.110.0", "@oxc-transform/binding-openharmony-arm64": "0.110.0", "@oxc-transform/binding-wasm32-wasi": "0.110.0", "@oxc-transform/binding-win32-arm64-msvc": "0.110.0", "@oxc-transform/binding-win32-ia32-msvc": "0.110.0", "@oxc-transform/binding-win32-x64-msvc": "0.110.0" } }, "sha512-/fymQNzzUoKZweH0nC5yvbI2eR0yWYusT9TEKDYVgOgYrf9Qmdez9lUFyvxKR9ycx+PTHi/reIOzqf3wkShQsw=="],

    "pathe": ["pathe@2.0.3", "", {}, "sha512-WUjGcAqP1gQacoQe+OBJsFA7Ld4DyXuUIjZ5cc75cLHvJ7dtNsTugphxIADwspS+AraAUePCKrSVtPLFj/F88w=="],

    "picocolors": ["picocolors@1.1.1", "", {}, "sha512-xceH2snhtb5M9liqDsmEw56le376mTZkEX/jEb/RxNFyegNul7eNslCXP9FDj/Lcu0X8KEyMceP2ntpaHrDEVA=="],

    "picomatch": ["picomatch@4.0.3", "", {}, "sha512-5gTmgEY/sqK6gFXLIsQNH19lWb4ebPDLA4SdLP7dsWkIXHWlG66oPuVvXSGFPppYZz8ZDZq0dYYrbHfBCVUb1Q=="],

    "postcss": ["postcss@8.5.6", "", { "dependencies": { "nanoid": "^3.3.11", "picocolors": "^1.1.1", "source-map-js": "^1.2.1" } }, "sha512-3Ybi1tAuwAP9s0r1UQ2J4n5Y0G05bJkpUIO0/bI9MhwmD70S5aTWbXGBwxHrelT+XM1k6dM0pk+SwNkpTRN7Pg=="],

    "rollup": ["rollup@4.56.0", "", { "dependencies": { "@types/estree": "1.0.8" }, "optionalDependencies": { "@rollup/rollup-android-arm-eabi": "4.56.0", "@rollup/rollup-android-arm64": "4.56.0", "@rollup/rollup-darwin-arm64": "4.56.0", "@rollup/rollup-darwin-x64": "4.56.0", "@rollup/rollup-freebsd-arm64": "4.56.0", "@rollup/rollup-freebsd-x64": "4.56.0", "@rollup/rollup-linux-arm-gnueabihf": "4.56.0", "@rollup/rollup-linux-arm-musleabihf": "4.56.0", "@rollup/rollup-linux-arm64-gnu": "4.56.0", "@rollup/rollup-linux-arm64-musl": "4.56.0", "@rollup/rollup-linux-loong64-gnu": "4.56.0", "@rollup/rollup-linux-loong64-musl": "4.56.0", "@rollup/rollup-linux-ppc64-gnu": "4.56.0", "@rollup/rollup-linux-ppc64-musl": "4.56.0", "@rollup/rollup-linux-riscv64-gnu": "4.56.0", "@rollup/rollup-linux-riscv64-musl": "4.56.0", "@rollup/rollup-linux-s390x-gnu": "4.56.0", "@rollup/rollup-linux-x64-gnu": "4.56.0", "@rollup/rollup-linux-x64-musl": "4.56.0", "@rollup/rollup-openbsd-x64": "4.56.0", "@rollup/rollup-openharmony-arm64": "4.56.0", "@rollup/rollup-win32-arm64-msvc": "4.56.0", "@rollup/rollup-win32-ia32-msvc": "4.56.0", "@rollup/rollup-win32-x64-gnu": "4.56.0", "@rollup/rollup-win32-x64-msvc": "4.56.0", "fsevents": "~2.3.2" }, "bin": { "rollup": "dist/bin/rollup" } }, "sha512-9FwVqlgUHzbXtDg9RCMgodF3Ua4Na6Gau+Sdt9vyCN4RhHfVKX2DCHy3BjMLTDd47ITDhYAnTwGulWTblJSDLg=="],

    "source-map-js": ["source-map-js@1.2.1", "", {}, "sha512-UXWMKhLOwVKb728IUtQPXxfYU+usdybtUrK/8uGE8CQMvrhOpwvzDBwj0QhSL7MQc7vIsISBG8VQ8+IDQxpfQA=="],

    "tinyglobby": ["tinyglobby@0.2.15", "", { "dependencies": { "fdir": "^6.5.0", "picomatch": "^4.0.3" } }, "sha512-j2Zq4NyQYG5XMST4cbs02Ak8iJUdxRM0XI5QyxXuZOzKOINmWurp3smXu3y5wDcJrptwpSjgXHzIQxR0omXljQ=="],

    "ts-macro": ["ts-macro@0.3.7", "", { "dependencies": { "muggle-string": "^0.4.1" } }, "sha512-5BinbTKn5WXRslotv5/VWTn3catfK0thWoB4BZI5VNEdxMu6r9AUPFalut4wLEK3nGvxhywA9aAdZnJ+Fnug9A=="],

    "tslib": ["tslib@2.8.1", "", {}, "sha512-oJFu94HQb+KVduSUQL7wnpmqnfmLsOA/nAh6b6EH0wCEoK0/mPeXU6c3wKDV83MkOuHPRHtSXKKU99IBazS/2w=="],

    "typescript": ["typescript@5.9.3", "", { "bin": { "tsc": "bin/tsc", "tsserver": "bin/tsserver" } }, "sha512-jl1vZzPDinLr9eUt3J/t7V6FgNEw9QjvBPdysz9KfQDD41fQrC2Y4vKQdiaUpFT4bXlb1RHhLpp8wtm6M5TgSw=="],

    "undici-types": ["undici-types@7.16.0", "", {}, "sha512-Zz+aZWSj8LE6zoxD+xrjh4VfkIG8Ya6LvYkZqtUQGJPZjYl53ypCaUwWqo7eI0x66KBGeRo+mlBEkMSeSZ38Nw=="],

    "unplugin": ["unplugin@3.0.0", "", { "dependencies": { "@jridgewell/remapping": "^2.3.5", "picomatch": "^4.0.3", "webpack-virtual-modules": "^0.6.2" } }, "sha512-0Mqk3AT2TZCXWKdcoaufeXNukv2mTrEZExeXlHIOZXdqYoHHr4n51pymnwV8x2BOVxwXbK2HLlI7usrqMpycdg=="],

    "unplugin-utils": ["unplugin-utils@0.3.1", "", { "dependencies": { "pathe": "^2.0.3", "picomatch": "^4.0.3" } }, "sha512-5lWVjgi6vuHhJ526bI4nlCOmkCIF3nnfXkCMDeMJrtdvxTs6ZFCM8oNufGTsDbKv/tJ/xj8RpvXjRuPBZJuJog=="],

    "vite": ["vite@7.3.1", "", { "dependencies": { "esbuild": "^0.27.0", "fdir": "^6.5.0", "picomatch": "^4.0.3", "postcss": "^8.5.6", "rollup": "^4.43.0", "tinyglobby": "^0.2.15" }, "optionalDependencies": { "fsevents": "~2.3.3" }, "peerDependencies": { "@types/node": "^20.19.0 || >=22.12.0", "jiti": ">=1.21.0", "less": "^4.0.0", "lightningcss": "^1.21.0", "sass": "^1.70.0", "sass-embedded": "^1.70.0", "stylus": ">=0.54.8", "sugarss": "^5.0.0", "terser": "^5.16.0", "tsx": "^4.8.1", "yaml": "^2.4.2" }, "optionalPeers": ["@types/node", "jiti", "less", "lightningcss", "sass", "sass-embedded", "stylus", "sugarss", "terser", "tsx", "yaml"], "bin": { "vite": "bin/vite.js" } }, "sha512-w+N7Hifpc3gRjZ63vYBXA56dvvRlNWRczTdmCBBa+CotUzAPf5b7YMdMR/8CQoeYE5LX3W4wj6RYTgonm1b9DA=="],

    "vue": ["vue@3.6.0-beta.4", "", { "dependencies": { "@vue/compiler-dom": "3.6.0-beta.4", "@vue/compiler-sfc": "3.6.0-beta.4", "@vue/runtime-dom": "3.6.0-beta.4", "@vue/runtime-vapor": "3.6.0-beta.4", "@vue/server-renderer": "3.6.0-beta.4", "@vue/shared": "3.6.0-beta.4" }, "peerDependencies": { "typescript": "*" }, "optionalPeers": ["typescript"] }, "sha512-/y9SPWAGbp+arbqa/x8a2MdKPArL92B25NzSpTyoq9lgV0YTluW8xD1fGRap+ieFxQpu7lUQS3dTc4IIaYkicQ=="],

    "vue-jsx-vapor": ["vue-jsx-vapor@3.1.15", "", { "dependencies": { "@vue-jsx-vapor/compiler-rs": "3.1.15", "@vue-jsx-vapor/macros": "3.1.15", "@vue-jsx-vapor/runtime": "3.1.15", "@vue/shared": "3.6.0-alpha.7", "pathe": "^2.0.3", "ts-macro": "^0.3.7", "unplugin": "^3.0.0", "unplugin-utils": "^0.3.1" }, "peerDependencies": { "@nuxt/kit": "^3", "@nuxt/schema": "^3", "esbuild": "*", "rollup": "^3", "vite": ">=3", "vue": "^3", "webpack": "^4 || ^5" }, "optionalPeers": ["@nuxt/kit", "@nuxt/schema", "esbuild", "rollup", "vite", "webpack"] }, "sha512-CVDAFp0xQvdZUHo32HhaayNQwxzgOCl/4dJLpgGxoj61wTyIcX+3bK6MbPVWfAPcp5GS6SwT2JvAWEF/YB1VPA=="],

    "webpack-virtual-modules": ["webpack-virtual-modules@0.6.2", "", {}, "sha512-66/V2i5hQanC51vBQKPH4aI8NMAcBW59FVBs+rC7eGHupMyfn34q7rZIE+ETlJ+XTevqfUhVVBgSUNSW2flEUQ=="],

    "vue-jsx-vapor/@vue/shared": ["@vue/shared@3.6.0-alpha.7", "", {}, "sha512-+4M8SiMOT68B7PCIBWjFDaAVjfAzxBSU7Ia3mW3W0R9iyYjbm3KBeHjBmnvYyAagq9ql3VWfz28mPF6HMvT8RA=="],
  }
}
